
Microsoft Visual Studio Solution File, Format Version 12.00
# Visual Studio Version 16
VisualStudioVersion = 16.0.30907.101
MinimumVisualStudioVersion = 10.0.40219.1
Project("{9A19103F-16F7-4668-BE54-9A1E7A4F7556}") = "Poker", "Poker\Poker.csproj", "{7E5260B2-A3EB-4158-8173-D641E54E9CCD}"
EndProject
Project("{FAE04EC0-301F-11D3-BF4B-00C04F79EFBC}") = "UnitTest", "UnitTest\UnitTest.csproj", "{CA00BAA1-1A7C-407A-9633-57A844F0F19E}"
EndProject
Global
	GlobalSection(SolutionConfigurationPlatforms) = preSolution
		Debug|Any CPU = Debug|Any CPU
		Release|Any CPU = Release|Any CPU
	EndGlobalSection
	GlobalSection(ProjectConfigurationPlatforms) = postSolution
		{7E5260B2-A3EB-4158-8173-D641E54E9CCD}.Debug|Any CPU.ActiveCfg = Debug|Any CPU
		{7E5260B2-A3EB-4158-8173-D641E54E9CCD}.Debug|Any CPU.Build.0 = Debug|Any CPU
		{7E5260B2-A3EB-4158-8173-D641E54E9CCD}.Release|Any CPU.ActiveCfg = Release|Any CPU
		{7E5260B2-A3EB-4158-8173-D641E54E9CCD}.Release|Any CPU.Build.0 = Release|Any CPU
		{CA00BAA1-1A7C-407A-9633-57A844F0F19E}.Debug|Any CPU.ActiveCfg = Debug|Any CPU
		{CA00BAA1-1A7C-407A-9633-57A844F0F19E}.Debug|Any CPU.Build.0 = Debug|Any CPU
		{CA00BAA1-1A7C-407A-9633-57A844F0F19E}.Release|Any CPU.ActiveCfg = Release|Any CPU
		{CA00BAA1-1A7C-407A-9633-57A844F0F19E}.Release|Any CPU.Build.0 = Release|Any CPU
	EndGlobalSection
	GlobalSection(SolutionProperties) = preSolution
		HideSolutionNode = FALSE
	EndGlobalSection
	GlobalSection(ExtensibilityGlobals) = postSolution
		SolutionGuid = {F52D7342-C05B-412A-AAED-17E3BB6E3434}
	EndGlobalSection
EndGlobal
